
Microsoft Visual Studio Solution File, Format Version 12.00
# Visual Studio Version 17
VisualStudioVersion = 17.7.34024.191
MinimumVisualStudioVersion = 10.0.40219.1
Project("{FAE04EC0-301F-11D3-BF4B-00C04F79EFBC}") = "ExEvents", "ExEvents\ExEvents.csproj", "{0FBF843B-DF0F-49C1-A4B3-CFBD5B6B3E56}"
EndProject
Global
	GlobalSection(SolutionConfigurationPlatforms) = preSolution
		Debug|Any CPU = Debug|Any CPU
		Release|Any CPU = Release|Any CPU
	EndGlobalSection
	GlobalSection(ProjectConfigurationPlatforms) = postSolution
		{0FBF843B-DF0F-49C1-A4B3-CFBD5B6B3E56}.Debug|Any CPU.ActiveCfg = Debug|Any CPU
		{0FBF843B-DF0F-49C1-A4B3-CFBD5B6B3E56}.Debug|Any CPU.Build.0 = Debug|Any CPU
		{0FBF843B-DF0F-49C1-A4B3-CFBD5B6B3E56}.Release|Any CPU.ActiveCfg = Release|Any CPU
		{0FBF843B-DF0F-49C1-A4B3-CFBD5B6B3E56}.Release|Any CPU.Build.0 = Release|Any CPU
	EndGlobalSection
	GlobalSection(SolutionProperties) = preSolution
		HideSolutionNode = FALSE
	EndGlobalSection
	GlobalSection(ExtensibilityGlobals) = postSolution
		SolutionGuid = {83521709-4645-4DDE-9D99-21A523A15D99}
	EndGlobalSection
EndGlobal
