
Microsoft Visual Studio Solution File, Format Version 12.00
# Visual Studio Version 17
VisualStudioVersion = 17.7.34024.191
MinimumVisualStudioVersion = 10.0.40219.1
Project("{FAE04EC0-301F-11D3-BF4B-00C04F79EFBC}") = "ExampleDelegate2", "ExampleDelegate2\ExampleDelegate2.csproj", "{52B66D88-74BC-4277-BA43-E68427E8D9C2}"
EndProject
Global
	GlobalSection(SolutionConfigurationPlatforms) = preSolution
		Debug|Any CPU = Debug|Any CPU
		Release|Any CPU = Release|Any CPU
	EndGlobalSection
	GlobalSection(ProjectConfigurationPlatforms) = postSolution
		{52B66D88-74BC-4277-BA43-E68427E8D9C2}.Debug|Any CPU.ActiveCfg = Debug|Any CPU
		{52B66D88-74BC-4277-BA43-E68427E8D9C2}.Debug|Any CPU.Build.0 = Debug|Any CPU
		{52B66D88-74BC-4277-BA43-E68427E8D9C2}.Release|Any CPU.ActiveCfg = Release|Any CPU
		{52B66D88-74BC-4277-BA43-E68427E8D9C2}.Release|Any CPU.Build.0 = Release|Any CPU
	EndGlobalSection
	GlobalSection(SolutionProperties) = preSolution
		HideSolutionNode = FALSE
	EndGlobalSection
	GlobalSection(ExtensibilityGlobals) = postSolution
		SolutionGuid = {90837373-975A-43F5-A2A9-64A834D18F1A}
	EndGlobalSection
EndGlobal
