
Microsoft Visual Studio Solution File, Format Version 12.00
# Visual Studio Version 17
VisualStudioVersion = 17.7.34024.191
MinimumVisualStudioVersion = 10.0.40219.1
Project("{FAE04EC0-301F-11D3-BF4B-00C04F79EFBC}") = "ExampleDelegate", "ExampleDelegate\ExampleDelegate.csproj", "{B3FF9E22-25EB-47AB-BDEE-0099DA2D8B20}"
EndProject
Global
	GlobalSection(SolutionConfigurationPlatforms) = preSolution
		Debug|Any CPU = Debug|Any CPU
		Release|Any CPU = Release|Any CPU
	EndGlobalSection
	GlobalSection(ProjectConfigurationPlatforms) = postSolution
		{B3FF9E22-25EB-47AB-BDEE-0099DA2D8B20}.Debug|Any CPU.ActiveCfg = Debug|Any CPU
		{B3FF9E22-25EB-47AB-BDEE-0099DA2D8B20}.Debug|Any CPU.Build.0 = Debug|Any CPU
		{B3FF9E22-25EB-47AB-BDEE-0099DA2D8B20}.Release|Any CPU.ActiveCfg = Release|Any CPU
		{B3FF9E22-25EB-47AB-BDEE-0099DA2D8B20}.Release|Any CPU.Build.0 = Release|Any CPU
	EndGlobalSection
	GlobalSection(SolutionProperties) = preSolution
		HideSolutionNode = FALSE
	EndGlobalSection
	GlobalSection(ExtensibilityGlobals) = postSolution
		SolutionGuid = {2DCC6EC8-C0F6-485D-AD92-63970113E7B9}
	EndGlobalSection
EndGlobal
